
Microsoft Visual Studio Solution File, Format Version 12.00
# Visual Studio Version 17
VisualStudioVersion = 17.3.32929.385
MinimumVisualStudioVersion = 10.0.40219.1
Project("{FAE04EC0-301F-11D3-BF4B-00C04F79EFBC}") = "csharp-oop-shop", "csharp-oop-shop.csproj", "{DE4A9C2C-9C5F-4BDF-B09E-4EEC53945CF5}"
EndProject
Global
	GlobalSection(SolutionConfigurationPlatforms) = preSolution
		Debug|Any CPU = Debug|Any CPU
		Release|Any CPU = Release|Any CPU
	EndGlobalSection
	GlobalSection(ProjectConfigurationPlatforms) = postSolution
		{DE4A9C2C-9C5F-4BDF-B09E-4EEC53945CF5}.Debug|Any CPU.ActiveCfg = Debug|Any CPU
		{DE4A9C2C-9C5F-4BDF-B09E-4EEC53945CF5}.Debug|Any CPU.Build.0 = Debug|Any CPU
		{DE4A9C2C-9C5F-4BDF-B09E-4EEC53945CF5}.Release|Any CPU.ActiveCfg = Release|Any CPU
		{DE4A9C2C-9C5F-4BDF-B09E-4EEC53945CF5}.Release|Any CPU.Build.0 = Release|Any CPU
	EndGlobalSection
	GlobalSection(SolutionProperties) = preSolution
		HideSolutionNode = FALSE
	EndGlobalSection
	GlobalSection(ExtensibilityGlobals) = postSolution
		SolutionGuid = {E4268886-CB9E-4D7C-9267-A5572635D346}
	EndGlobalSection
EndGlobal
